// !$*UTF8*$!
{
	archiveVersion = 1;
	classes = {
	};
	objectVersion = 50;
	objects = {

/* Begin PBXBuildFile section */
		267F7BB60BCD9C546959D232 /* Pods_McCollinsUITests.framework in Frameworks */ = {isa = PBXBuildFile; fileRef = 8B626C54532309845E9F3FF5 /* Pods_McCollinsUITests.framework */; };
		6546F7FB9F86640825AA6B67 /* Pods_McCollinsTests.framework in Frameworks */ = {isa = PBXBuildFile; fileRef = DD82E0C7CE59295EDDCCB8BC /* Pods_McCollinsTests.framework */; };
		6D45F229224DBE2D004DF1D8 /* AppDelegate.swift in Sources */ = {isa = PBXBuildFile; fileRef = 6D45F228224DBE2D004DF1D8 /* AppDelegate.swift */; };
		6D45F22B224DBE2D004DF1D8 /* SplashPage.swift in Sources */ = {isa = PBXBuildFile; fileRef = 6D45F22A224DBE2D004DF1D8 /* SplashPage.swift */; };
		6D45F22E224DBE2E004DF1D8 /* Main.storyboard in Resources */ = {isa = PBXBuildFile; fileRef = 6D45F22C224DBE2E004DF1D8 /* Main.storyboard */; };
		6D45F230224DBE48004DF1D8 /* Assets.xcassets in Resources */ = {isa = PBXBuildFile; fileRef = 6D45F22F224DBE48004DF1D8 /* Assets.xcassets */; };
		6D45F233224DBE48004DF1D8 /* LaunchScreen.storyboard in Resources */ = {isa = PBXBuildFile; fileRef = 6D45F231224DBE48004DF1D8 /* LaunchScreen.storyboard */; };
		6D45F23E224DBE49004DF1D8 /* McCollinsTests.swift in Sources */ = {isa = PBXBuildFile; fileRef = 6D45F23D224DBE49004DF1D8 /* McCollinsTests.swift */; };
		6D45F249224DBE4A004DF1D8 /* McCollinsUITests.swift in Sources */ = {isa = PBXBuildFile; fileRef = 6D45F248224DBE4A004DF1D8 /* McCollinsUITests.swift */; };
		6D9A2924224FE41400D0A7A4 /* Login.swift in Sources */ = {isa = PBXBuildFile; fileRef = 6D9A2923224FE41400D0A7A4 /* Login.swift */; };
		6D9A2929224FE86B00D0A7A4 /* Register.swift in Sources */ = {isa = PBXBuildFile; fileRef = 6D9A2928224FE86B00D0A7A4 /* Register.swift */; };
		6D9A292B22502BE300D0A7A4 /* Validation.swift in Sources */ = {isa = PBXBuildFile; fileRef = 6D9A292A22502BE300D0A7A4 /* Validation.swift */; };
		6D9A29302250429200D0A7A4 /* APIHandler.swift in Sources */ = {isa = PBXBuildFile; fileRef = 6D9A292F2250429100D0A7A4 /* APIHandler.swift */; };
		6D9A29322250429D00D0A7A4 /* URLFactory.swift in Sources */ = {isa = PBXBuildFile; fileRef = 6D9A29312250429D00D0A7A4 /* URLFactory.swift */; };
		6D9A29342250C8D700D0A7A4 /* User.swift in Sources */ = {isa = PBXBuildFile; fileRef = 6D9A29332250C8D700D0A7A4 /* User.swift */; };
		6D9A293622511B5600D0A7A4 /* Attraction.swift in Sources */ = {isa = PBXBuildFile; fileRef = 6D9A293522511B5600D0A7A4 /* Attraction.swift */; };
		6D9A293A22511FC800D0A7A4 /* AttractionsTVC.swift in Sources */ = {isa = PBXBuildFile; fileRef = 6D9A293922511FC800D0A7A4 /* AttractionsTVC.swift */; };
		6D9A293D22512AE400D0A7A4 /* AttractionCell.swift in Sources */ = {isa = PBXBuildFile; fileRef = 6D9A293C22512AE400D0A7A4 /* AttractionCell.swift */; };
		6D9A293F2251B66600D0A7A4 /* Update.swift in Sources */ = {isa = PBXBuildFile; fileRef = 6D9A293E2251B66600D0A7A4 /* Update.swift */; };
		6D9A29412252288F00D0A7A4 /* Settings.swift in Sources */ = {isa = PBXBuildFile; fileRef = 6D9A29402252288F00D0A7A4 /* Settings.swift */; };
		FB07A8C2D6E9972AEAAC6460 /* Pods_McCollins.framework in Frameworks */ = {isa = PBXBuildFile; fileRef = 8CAE1FB3754FFB854376A4F4 /* Pods_McCollins.framework */; };
/* End PBXBuildFile section */

/* Begin PBXContainerItemProxy section */
		6D45F23A224DBE49004DF1D8 /* PBXContainerItemProxy */ = {
			isa = PBXContainerItemProxy;
			containerPortal = 6D45F21D224DBE2D004DF1D8 /* Project object */;
			proxyType = 1;
			remoteGlobalIDString = 6D45F224224DBE2D004DF1D8;
			remoteInfo = McCollins;
		};
		6D45F245224DBE4A004DF1D8 /* PBXContainerItemProxy */ = {
			isa = PBXContainerItemProxy;
			containerPortal = 6D45F21D224DBE2D004DF1D8 /* Project object */;
			proxyType = 1;
			remoteGlobalIDString = 6D45F224224DBE2D004DF1D8;
			remoteInfo = McCollins;
		};
/* End PBXContainerItemProxy section */

/* Begin PBXFileReference section */
		1605FA8BF43A71BAFBA00F22 /* Pods-McCollinsUITests.release.xcconfig */ = {isa = PBXFileReference; includeInIndex = 1; lastKnownFileType = text.xcconfig; name = "Pods-McCollinsUITests.release.xcconfig"; path = "Target Support Files/Pods-McCollinsUITests/Pods-McCollinsUITests.release.xcconfig"; sourceTree = "<group>"; };
		4D123823C6A54E7785BB7E83 /* Pods-McCollinsUITests.debug.xcconfig */ = {isa = PBXFileReference; includeInIndex = 1; lastKnownFileType = text.xcconfig; name = "Pods-McCollinsUITests.debug.xcconfig"; path = "Target Support Files/Pods-McCollinsUITests/Pods-McCollinsUITests.debug.xcconfig"; sourceTree = "<group>"; };
		6D45F225224DBE2D004DF1D8 /* McCollins.app */ = {isa = PBXFileReference; explicitFileType = wrapper.application; includeInIndex = 0; path = McCollins.app; sourceTree = BUILT_PRODUCTS_DIR; };
		6D45F228224DBE2D004DF1D8 /* AppDelegate.swift */ = {isa = PBXFileReference; lastKnownFileType = sourcecode.swift; path = AppDelegate.swift; sourceTree = "<group>"; };
		6D45F22A224DBE2D004DF1D8 /* SplashPage.swift */ = {isa = PBXFileReference; lastKnownFileType = sourcecode.swift; path = SplashPage.swift; sourceTree = "<group>"; };
		6D45F22D224DBE2E004DF1D8 /* Base */ = {isa = PBXFileReference; lastKnownFileType = file.storyboard; name = Base; path = Base.lproj/Main.storyboard; sourceTree = "<group>"; };
		6D45F22F224DBE48004DF1D8 /* Assets.xcassets */ = {isa = PBXFileReference; lastKnownFileType = folder.assetcatalog; path = Assets.xcassets; sourceTree = "<group>"; };
		6D45F232224DBE48004DF1D8 /* Base */ = {isa = PBXFileReference; lastKnownFileType = file.storyboard; name = Base; path = Base.lproj/LaunchScreen.storyboard; sourceTree = "<group>"; };
		6D45F234224DBE49004DF1D8 /* Info.plist */ = {isa = PBXFileReference; lastKnownFileType = text.plist.xml; path = Info.plist; sourceTree = "<group>"; };
		6D45F239224DBE49004DF1D8 /* McCollinsTests.xctest */ = {isa = PBXFileReference; explicitFileType = wrapper.cfbundle; includeInIndex = 0; path = McCollinsTests.xctest; sourceTree = BUILT_PRODUCTS_DIR; };
		6D45F23D224DBE49004DF1D8 /* McCollinsTests.swift */ = {isa = PBXFileReference; lastKnownFileType = sourcecode.swift; path = McCollinsTests.swift; sourceTree = "<group>"; };
		6D45F23F224DBE49004DF1D8 /* Info.plist */ = {isa = PBXFileReference; lastKnownFileType = text.plist.xml; path = Info.plist; sourceTree = "<group>"; };
		6D45F244224DBE4A004DF1D8 /* McCollinsUITests.xctest */ = {isa = PBXFileReference; explicitFileType = wrapper.cfbundle; includeInIndex = 0; path = McCollinsUITests.xctest; sourceTree = BUILT_PRODUCTS_DIR; };
		6D45F248224DBE4A004DF1D8 /* McCollinsUITests.swift */ = {isa = PBXFileReference; lastKnownFileType = sourcecode.swift; path = McCollinsUITests.swift; sourceTree = "<group>"; };
		6D45F24A224DBE4A004DF1D8 /* Info.plist */ = {isa = PBXFileReference; lastKnownFileType = text.plist.xml; path = Info.plist; sourceTree = "<group>"; };
		6D9A2923224FE41400D0A7A4 /* Login.swift */ = {isa = PBXFileReference; lastKnownFileType = sourcecode.swift; path = Login.swift; sourceTree = "<group>"; };
		6D9A2928224FE86B00D0A7A4 /* Register.swift */ = {isa = PBXFileReference; lastKnownFileType = sourcecode.swift; path = Register.swift; sourceTree = "<group>"; };
		6D9A292A22502BE300D0A7A4 /* Validation.swift */ = {isa = PBXFileReference; lastKnownFileType = sourcecode.swift; path = Validation.swift; sourceTree = "<group>"; };
		6D9A292F2250429100D0A7A4 /* APIHandler.swift */ = {isa = PBXFileReference; fileEncoding = 4; lastKnownFileType = sourcecode.swift; name = APIHandler.swift; path = ../APIHandler.swift; sourceTree = "<group>"; };
		6D9A29312250429D00D0A7A4 /* URLFactory.swift */ = {isa = PBXFileReference; fileEncoding = 4; lastKnownFileType = sourcecode.swift; path = URLFactory.swift; sourceTree = "<group>"; };
		6D9A29332250C8D700D0A7A4 /* User.swift */ = {isa = PBXFileReference; lastKnownFileType = sourcecode.swift; path = User.swift; sourceTree = "<group>"; };
		6D9A293522511B5600D0A7A4 /* Attraction.swift */ = {isa = PBXFileReference; lastKnownFileType = sourcecode.swift; path = Attraction.swift; sourceTree = "<group>"; };
		6D9A293922511FC800D0A7A4 /* AttractionsTVC.swift */ = {isa = PBXFileReference; lastKnownFileType = sourcecode.swift; path = AttractionsTVC.swift; sourceTree = "<group>"; };
		6D9A293C22512AE400D0A7A4 /* AttractionCell.swift */ = {isa = PBXFileReference; lastKnownFileType = sourcecode.swift; path = AttractionCell.swift; sourceTree = "<group>"; };
		6D9A293E2251B66600D0A7A4 /* Update.swift */ = {isa = PBXFileReference; lastKnownFileType = sourcecode.swift; path = Update.swift; sourceTree = "<group>"; };
		6D9A29402252288F00D0A7A4 /* Settings.swift */ = {isa = PBXFileReference; lastKnownFileType = sourcecode.swift; path = Settings.swift; sourceTree = "<group>"; };
		8B626C54532309845E9F3FF5 /* Pods_McCollinsUITests.framework */ = {isa = PBXFileReference; explicitFileType = wrapper.framework; includeInIndex = 0; path = Pods_McCollinsUITests.framework; sourceTree = BUILT_PRODUCTS_DIR; };
		8CAE1FB3754FFB854376A4F4 /* Pods_McCollins.framework */ = {isa = PBXFileReference; explicitFileType = wrapper.framework; includeInIndex = 0; path = Pods_McCollins.framework; sourceTree = BUILT_PRODUCTS_DIR; };
		9AA34939C394651A8D2E17A3 /* Pods-McCollins.debug.xcconfig */ = {isa = PBXFileReference; includeInIndex = 1; lastKnownFileType = text.xcconfig; name = "Pods-McCollins.debug.xcconfig"; path = "Target Support Files/Pods-McCollins/Pods-McCollins.debug.xcconfig"; sourceTree = "<group>"; };
		AF37F006A6B6E3131A7B49E2 /* Pods-McCollinsTests.debug.xcconfig */ = {isa = PBXFileReference; includeInIndex = 1; lastKnownFileType = text.xcconfig; name = "Pods-McCollinsTests.debug.xcconfig"; path = "Target Support Files/Pods-McCollinsTests/Pods-McCollinsTests.debug.xcconfig"; sourceTree = "<group>"; };
		C51741E34429AB033FF9357D /* Pods-McCollinsTests.release.xcconfig */ = {isa = PBXFileReference; includeInIndex = 1; lastKnownFileType = text.xcconfig; name = "Pods-McCollinsTests.release.xcconfig"; path = "Target Support Files/Pods-McCollinsTests/Pods-McCollinsTests.release.xcconfig"; sourceTree = "<group>"; };
		DD82E0C7CE59295EDDCCB8BC /* Pods_McCollinsTests.framework */ = {isa = PBXFileReference; explicitFileType = wrapper.framework; includeInIndex = 0; path = Pods_McCollinsTests.framework; sourceTree = BUILT_PRODUCTS_DIR; };
		FE77D8C75062CAC7FD18B53E /* Pods-McCollins.release.xcconfig */ = {isa = PBXFileReference; includeInIndex = 1; lastKnownFileType = text.xcconfig; name = "Pods-McCollins.release.xcconfig"; path = "Target Support Files/Pods-McCollins/Pods-McCollins.release.xcconfig"; sourceTree = "<group>"; };
/* End PBXFileReference section */

/* Begin PBXFrameworksBuildPhase section */
		6D45F222224DBE2D004DF1D8 /* Frameworks */ = {
			isa = PBXFrameworksBuildPhase;
			buildActionMask = 2147483647;
			files = (
				FB07A8C2D6E9972AEAAC6460 /* Pods_McCollins.framework in Frameworks */,
			);
			runOnlyForDeploymentPostprocessing = 0;
		};
		6D45F236224DBE49004DF1D8 /* Frameworks */ = {
			isa = PBXFrameworksBuildPhase;
			buildActionMask = 2147483647;
			files = (
				6546F7FB9F86640825AA6B67 /* Pods_McCollinsTests.framework in Frameworks */,
			);
			runOnlyForDeploymentPostprocessing = 0;
		};
		6D45F241224DBE4A004DF1D8 /* Frameworks */ = {
			isa = PBXFrameworksBuildPhase;
			buildActionMask = 2147483647;
			files = (
				267F7BB60BCD9C546959D232 /* Pods_McCollinsUITests.framework in Frameworks */,
			);
			runOnlyForDeploymentPostprocessing = 0;
		};
/* End PBXFrameworksBuildPhase section */

/* Begin PBXGroup section */
		6D45F21C224DBE2D004DF1D8 = {
			isa = PBXGroup;
			children = (
				6D45F227224DBE2D004DF1D8 /* McCollins */,
				6D45F23C224DBE49004DF1D8 /* McCollinsTests */,
				6D45F247224DBE4A004DF1D8 /* McCollinsUITests */,
				6D45F226224DBE2D004DF1D8 /* Products */,
				C1B5DAF643F81205337E0A45 /* Pods */,
				AC33DEF74CAC88FF99C3DC58 /* Frameworks */,
			);
			sourceTree = "<group>";
		};
		6D45F226224DBE2D004DF1D8 /* Products */ = {
			isa = PBXGroup;
			children = (
				6D45F225224DBE2D004DF1D8 /* McCollins.app */,
				6D45F239224DBE49004DF1D8 /* McCollinsTests.xctest */,
				6D45F244224DBE4A004DF1D8 /* McCollinsUITests.xctest */,
			);
			name = Products;
			sourceTree = "<group>";
		};
		6D45F227224DBE2D004DF1D8 /* McCollins */ = {
			isa = PBXGroup;
			children = (
				6D9A292E2250402C00D0A7A4 /* Data Manager */,
				6D9A2926224FE4D200D0A7A4 /* Controls */,
				6DC4491A224E688800F0B7D9 /* Model */,
				6D9A293B22512AAA00D0A7A4 /* View */,
				6D45F228224DBE2D004DF1D8 /* AppDelegate.swift */,
				6D9A2942225232C800D0A7A4 /* UI */,
				6D45F234224DBE49004DF1D8 /* Info.plist */,
			);
			path = McCollins;
			sourceTree = "<group>";
		};
		6D45F23C224DBE49004DF1D8 /* McCollinsTests */ = {
			isa = PBXGroup;
			children = (
				6D45F23D224DBE49004DF1D8 /* McCollinsTests.swift */,
				6D45F23F224DBE49004DF1D8 /* Info.plist */,
			);
			path = McCollinsTests;
			sourceTree = "<group>";
		};
		6D45F247224DBE4A004DF1D8 /* McCollinsUITests */ = {
			isa = PBXGroup;
			children = (
				6D45F248224DBE4A004DF1D8 /* McCollinsUITests.swift */,
				6D45F24A224DBE4A004DF1D8 /* Info.plist */,
			);
			path = McCollinsUITests;
			sourceTree = "<group>";
		};
		6D9A2926224FE4D200D0A7A4 /* Controls */ = {
			isa = PBXGroup;
			children = (
				6D9A2923224FE41400D0A7A4 /* Login.swift */,
				6D45F22A224DBE2D004DF1D8 /* SplashPage.swift */,
				6D9A2928224FE86B00D0A7A4 /* Register.swift */,
				6D9A293922511FC800D0A7A4 /* AttractionsTVC.swift */,
				6D9A293E2251B66600D0A7A4 /* Update.swift */,
				6D9A29402252288F00D0A7A4 /* Settings.swift */,
			);
			name = Controls;
			path = "New Group";
			sourceTree = "<group>";
		};
		6D9A292E2250402C00D0A7A4 /* Data Manager */ = {
			isa = PBXGroup;
			children = (
				6D9A29312250429D00D0A7A4 /* URLFactory.swift */,
				6D9A292A22502BE300D0A7A4 /* Validation.swift */,
				6D9A292F2250429100D0A7A4 /* APIHandler.swift */,
			);
			path = "Data Manager";
			sourceTree = "<group>";
		};
		6D9A293B22512AAA00D0A7A4 /* View */ = {
			isa = PBXGroup;
			children = (
				6D9A293C22512AE400D0A7A4 /* AttractionCell.swift */,
			);
			path = View;
			sourceTree = "<group>";
		};
		6D9A2942225232C800D0A7A4 /* UI */ = {
			isa = PBXGroup;
			children = (
				6D45F231224DBE48004DF1D8 /* LaunchScreen.storyboard */,
				6D45F22F224DBE48004DF1D8 /* Assets.xcassets */,
				6D45F22C224DBE2E004DF1D8 /* Main.storyboard */,
			);
			path = UI;
			sourceTree = "<group>";
		};
		6DC4491A224E688800F0B7D9 /* Model */ = {
			isa = PBXGroup;
			children = (
				6D9A29332250C8D700D0A7A4 /* User.swift */,
				6D9A293522511B5600D0A7A4 /* Attraction.swift */,
			);
			path = Model;
			sourceTree = "<group>";
		};
		AC33DEF74CAC88FF99C3DC58 /* Frameworks */ = {
			isa = PBXGroup;
			children = (
				8CAE1FB3754FFB854376A4F4 /* Pods_McCollins.framework */,
				DD82E0C7CE59295EDDCCB8BC /* Pods_McCollinsTests.framework */,
				8B626C54532309845E9F3FF5 /* Pods_McCollinsUITests.framework */,
			);
			name = Frameworks;
			sourceTree = "<group>";
		};
		C1B5DAF643F81205337E0A45 /* Pods */ = {
			isa = PBXGroup;
			children = (
				9AA34939C394651A8D2E17A3 /* Pods-McCollins.debug.xcconfig */,
				FE77D8C75062CAC7FD18B53E /* Pods-McCollins.release.xcconfig */,
				AF37F006A6B6E3131A7B49E2 /* Pods-McCollinsTests.debug.xcconfig */,
				C51741E34429AB033FF9357D /* Pods-McCollinsTests.release.xcconfig */,
				4D123823C6A54E7785BB7E83 /* Pods-McCollinsUITests.debug.xcconfig */,
				1605FA8BF43A71BAFBA00F22 /* Pods-McCollinsUITests.release.xcconfig */,
			);
			path = Pods;
			sourceTree = "<group>";
		};
/* End PBXGroup section */

/* Begin PBXNativeTarget section */
		6D45F224224DBE2D004DF1D8 /* McCollins */ = {
			isa = PBXNativeTarget;
			buildConfigurationList = 6D45F24D224DBE4A004DF1D8 /* Build configuration list for PBXNativeTarget "McCollins" */;
			buildPhases = (
				37B1568E4BFD134D6434DE76 /* [CP] Check Pods Manifest.lock */,
				6D45F221224DBE2D004DF1D8 /* Sources */,
				6D45F222224DBE2D004DF1D8 /* Frameworks */,
				6D45F223224DBE2D004DF1D8 /* Resources */,
				55E39CE93219AE33E04C0E49 /* [CP] Embed Pods Frameworks */,
			);
			buildRules = (
			);
			dependencies = (
			);
			name = McCollins;
			productName = McCollins;
			productReference = 6D45F225224DBE2D004DF1D8 /* McCollins.app */;
			productType = "com.apple.product-type.application";
		};
		6D45F238224DBE49004DF1D8 /* McCollinsTests */ = {
			isa = PBXNativeTarget;
			buildConfigurationList = 6D45F250224DBE4A004DF1D8 /* Build configuration list for PBXNativeTarget "McCollinsTests" */;
			buildPhases = (
				5C50D69B3C1510A1381E8656 /* [CP] Check Pods Manifest.lock */,
				6D45F235224DBE49004DF1D8 /* Sources */,
				6D45F236224DBE49004DF1D8 /* Frameworks */,
				6D45F237224DBE49004DF1D8 /* Resources */,
			);
			buildRules = (
			);
			dependencies = (
				6D45F23B224DBE49004DF1D8 /* PBXTargetDependency */,
			);
			name = McCollinsTests;
			productName = McCollinsTests;
			productReference = 6D45F239224DBE49004DF1D8 /* McCollinsTests.xctest */;
			productType = "com.apple.product-type.bundle.unit-test";
		};
		6D45F243224DBE4A004DF1D8 /* McCollinsUITests */ = {
			isa = PBXNativeTarget;
			buildConfigurationList = 6D45F253224DBE4A004DF1D8 /* Build configuration list for PBXNativeTarget "McCollinsUITests" */;
			buildPhases = (
				7108EE9432EF575A4FDC1FB7 /* [CP] Check Pods Manifest.lock */,
				6D45F240224DBE4A004DF1D8 /* Sources */,
				6D45F241224DBE4A004DF1D8 /* Frameworks */,
				6D45F242224DBE4A004DF1D8 /* Resources */,
			);
			buildRules = (
			);
			dependencies = (
				6D45F246224DBE4A004DF1D8 /* PBXTargetDependency */,
			);
			name = McCollinsUITests;
			productName = McCollinsUITests;
			productReference = 6D45F244224DBE4A004DF1D8 /* McCollinsUITests.xctest */;
			productType = "com.apple.product-type.bundle.ui-testing";
		};
/* End PBXNativeTarget section */

/* Begin PBXProject section */
		6D45F21D224DBE2D004DF1D8 /* Project object */ = {
			isa = PBXProject;
			attributes = {
				LastSwiftUpdateCheck = 1010;
				LastUpgradeCheck = 1010;
				ORGANIZATIONNAME = "Noh Tewolde";
				TargetAttributes = {
					6D45F224224DBE2D004DF1D8 = {
						CreatedOnToolsVersion = 10.1;
					};
					6D45F238224DBE49004DF1D8 = {
						CreatedOnToolsVersion = 10.1;
						TestTargetID = 6D45F224224DBE2D004DF1D8;
					};
					6D45F243224DBE4A004DF1D8 = {
						CreatedOnToolsVersion = 10.1;
						TestTargetID = 6D45F224224DBE2D004DF1D8;
					};
				};
			};
			buildConfigurationList = 6D45F220224DBE2D004DF1D8 /* Build configuration list for PBXProject "McCollins" */;
			compatibilityVersion = "Xcode 9.3";
			developmentRegion = en;
			hasScannedForEncodings = 0;
			knownRegions = (
				en,
				Base,
			);
			mainGroup = 6D45F21C224DBE2D004DF1D8;
			productRefGroup = 6D45F226224DBE2D004DF1D8 /* Products */;
			projectDirPath = "";
			projectRoot = "";
			targets = (
				6D45F224224DBE2D004DF1D8 /* McCollins */,
				6D45F238224DBE49004DF1D8 /* McCollinsTests */,
				6D45F243224DBE4A004DF1D8 /* McCollinsUITests */,
			);
		};
/* End PBXProject section */

/* Begin PBXResourcesBuildPhase section */
		6D45F223224DBE2D004DF1D8 /* Resources */ = {
			isa = PBXResourcesBuildPhase;
			buildActionMask = 2147483647;
			files = (
				6D45F233224DBE48004DF1D8 /* LaunchScreen.storyboard in Resources */,
				6D45F230224DBE48004DF1D8 /* Assets.xcassets in Resources */,
				6D45F22E224DBE2E004DF1D8 /* Main.storyboard in Resources */,
			);
			runOnlyForDeploymentPostprocessing = 0;
		};
		6D45F237224DBE49004DF1D8 /* Resources */ = {
			isa = PBXResourcesBuildPhase;
			buildActionMask = 2147483647;
			files = (
			);
			runOnlyForDeploymentPostprocessing = 0;
		};
		6D45F242224DBE4A004DF1D8 /* Resources */ = {
			isa = PBXResourcesBuildPhase;
			buildActionMask = 2147483647;
			files = (
			);
			runOnlyForDeploymentPostprocessing = 0;
		};
/* End PBXResourcesBuildPhase section */

/* Begin PBXShellScriptBuildPhase section */
		37B1568E4BFD134D6434DE76 /* [CP] Check Pods Manifest.lock */ = {
			isa = PBXShellScriptBuildPhase;
			buildActionMask = 2147483647;
			files = (
			);
			inputFileListPaths = (
			);
			inputPaths = (
				"${PODS_PODFILE_DIR_PATH}/Podfile.lock",
				"${PODS_ROOT}/Manifest.lock",
			);
			name = "[CP] Check Pods Manifest.lock";
			outputFileListPaths = (
			);
			outputPaths = (
				"$(DERIVED_FILE_DIR)/Pods-McCollins-checkManifestLockResult.txt",
			);
			runOnlyForDeploymentPostprocessing = 0;
			shellPath = /bin/sh;
			shellScript = "diff \"${PODS_PODFILE_DIR_PATH}/Podfile.lock\" \"${PODS_ROOT}/Manifest.lock\" > /dev/null\nif [ $? != 0 ] ; then\n    # print error to STDERR\n    echo \"error: The sandbox is not in sync with the Podfile.lock. Run 'pod install' or update your CocoaPods installation.\" >&2\n    exit 1\nfi\n# This output is used by Xcode 'outputs' to avoid re-running this script phase.\necho \"SUCCESS\" > \"${SCRIPT_OUTPUT_FILE_0}\"\n";
			showEnvVarsInLog = 0;
		};
		55E39CE93219AE33E04C0E49 /* [CP] Embed Pods Frameworks */ = {
			isa = PBXShellScriptBuildPhase;
			buildActionMask = 2147483647;
			files = (
			);
			inputFileListPaths = (
			);
			inputPaths = (
				"${PODS_ROOT}/Target Support Files/Pods-McCollins/Pods-McCollins-frameworks.sh",
				"${BUILT_PRODUCTS_DIR}/Alamofire/Alamofire.framework",
				"${BUILT_PRODUCTS_DIR}/AlamofireObjectMapper/AlamofireObjectMapper.framework",
				"${BUILT_PRODUCTS_DIR}/ObjectMapper/ObjectMapper.framework",
				"${BUILT_PRODUCTS_DIR}/SDWebImage/SDWebImage.framework",
				"${BUILT_PRODUCTS_DIR}/SVProgressHUD/SVProgressHUD.framework",
			);
			name = "[CP] Embed Pods Frameworks";
			outputFileListPaths = (
			);
			outputPaths = (
				"${TARGET_BUILD_DIR}/${FRAMEWORKS_FOLDER_PATH}/Alamofire.framework",
				"${TARGET_BUILD_DIR}/${FRAMEWORKS_FOLDER_PATH}/AlamofireObjectMapper.framework",
				"${TARGET_BUILD_DIR}/${FRAMEWORKS_FOLDER_PATH}/ObjectMapper.framework",
				"${TARGET_BUILD_DIR}/${FRAMEWORKS_FOLDER_PATH}/SDWebImage.framework",
				"${TARGET_BUILD_DIR}/${FRAMEWORKS_FOLDER_PATH}/SVProgressHUD.framework",
			);
			runOnlyForDeploymentPostprocessing = 0;
			shellPath = /bin/sh;
			shellScript = "\"${PODS_ROOT}/Target Support Files/Pods-McCollins/Pods-McCollins-frameworks.sh\"\n";
			showEnvVarsInLog = 0;
		};
		5C50D69B3C1510A1381E8656 /* [CP] Check Pods Manifest.lock */ = {
			isa = PBXShellScriptBuildPhase;
			buildActionMask = 2147483647;
			files = (
			);
			inputFileListPaths = (
			);
			inputPaths = (
				"${PODS_PODFILE_DIR_PATH}/Podfile.lock",
				"${PODS_ROOT}/Manifest.lock",
			);
			name = "[CP] Check Pods Manifest.lock";
			outputFileListPaths = (
			);
			outputPaths = (
				"$(DERIVED_FILE_DIR)/Pods-McCollinsTests-checkManifestLockResult.txt",
			);
			runOnlyForDeploymentPostprocessing = 0;
			shellPath = /bin/sh;
			shellScript = "diff \"${PODS_PODFILE_DIR_PATH}/Podfile.lock\" \"${PODS_ROOT}/Manifest.lock\" > /dev/null\nif [ $? != 0 ] ; then\n    # print error to STDERR\n    echo \"error: The sandbox is not in sync with the Podfile.lock. Run 'pod install' or update your CocoaPods installation.\" >&2\n    exit 1\nfi\n# This output is used by Xcode 'outputs' to avoid re-running this script phase.\necho \"SUCCESS\" > \"${SCRIPT_OUTPUT_FILE_0}\"\n";
			showEnvVarsInLog = 0;
		};
		7108EE9432EF575A4FDC1FB7 /* [CP] Check Pods Manifest.lock */ = {
			isa = PBXShellScriptBuildPhase;
			buildActionMask = 2147483647;
			files = (
			);
			inputFileListPaths = (
			);
			inputPaths = (
				"${PODS_PODFILE_DIR_PATH}/Podfile.lock",
				"${PODS_ROOT}/Manifest.lock",
			);
			name = "[CP] Check Pods Manifest.lock";
			outputFileListPaths = (
			);
			outputPaths = (
				"$(DERIVED_FILE_DIR)/Pods-McCollinsUITests-checkManifestLockResult.txt",
			);
			runOnlyForDeploymentPostprocessing = 0;
			shellPath = /bin/sh;
			shellScript = "diff \"${PODS_PODFILE_DIR_PATH}/Podfile.lock\" \"${PODS_ROOT}/Manifest.lock\" > /dev/null\nif [ $? != 0 ] ; then\n    # print error to STDERR\n    echo \"error: The sandbox is not in sync with the Podfile.lock. Run 'pod install' or update your CocoaPods installation.\" >&2\n    exit 1\nfi\n# This output is used by Xcode 'outputs' to avoid re-running this script phase.\necho \"SUCCESS\" > \"${SCRIPT_OUTPUT_FILE_0}\"\n";
			showEnvVarsInLog = 0;
		};
/* End PBXShellScriptBuildPhase section */

/* Begin PBXSourcesBuildPhase section */
		6D45F221224DBE2D004DF1D8 /* Sources */ = {
			isa = PBXSourcesBuildPhase;
			buildActionMask = 2147483647;
			files = (
				6D45F22B224DBE2D004DF1D8 /* SplashPage.swift in Sources */,
				6D45F229224DBE2D004DF1D8 /* AppDelegate.swift in Sources */,
				6D9A29412252288F00D0A7A4 /* Settings.swift in Sources */,
				6D9A29302250429200D0A7A4 /* APIHandler.swift in Sources */,
				6D9A29322250429D00D0A7A4 /* URLFactory.swift in Sources */,
				6D9A293A22511FC800D0A7A4 /* AttractionsTVC.swift in Sources */,
				6D9A293622511B5600D0A7A4 /* Attraction.swift in Sources */,
				6D9A293F2251B66600D0A7A4 /* Update.swift in Sources */,
				6D9A29342250C8D700D0A7A4 /* User.swift in Sources */,
				6D9A2924224FE41400D0A7A4 /* Login.swift in Sources */,
				6D9A292B22502BE300D0A7A4 /* Validation.swift in Sources */,
				6D9A2929224FE86B00D0A7A4 /* Register.swift in Sources */,
				6D9A293D22512AE400D0A7A4 /* AttractionCell.swift in Sources */,
			);
			runOnlyForDeploymentPostprocessing = 0;
		};
		6D45F235224DBE49004DF1D8 /* Sources */ = {
			isa = PBXSourcesBuildPhase;
			buildActionMask = 2147483647;
			files = (
				6D45F23E224DBE49004DF1D8 /* McCollinsTests.swift in Sources */,
			);
			runOnlyForDeploymentPostprocessing = 0;
		};
		6D45F240224DBE4A004DF1D8 /* Sources */ = {
			isa = PBXSourcesBuildPhase;
			buildActionMask = 2147483647;
			files = (
				6D45F249224DBE4A004DF1D8 /* McCollinsUITests.swift in Sources */,
			);
			runOnlyForDeploymentPostprocessing = 0;
		};
/* End PBXSourcesBuildPhase section */

/* Begin PBXTargetDependency section */
		6D45F23B224DBE49004DF1D8 /* PBXTargetDependency */ = {
			isa = PBXTargetDependency;
			target = 6D45F224224DBE2D004DF1D8 /* McCollins */;
			targetProxy = 6D45F23A224DBE49004DF1D8 /* PBXContainerItemProxy */;
		};
		6D45F246224DBE4A004DF1D8 /* PBXTargetDependency */ = {
			isa = PBXTargetDependency;
			target = 6D45F224224DBE2D004DF1D8 /* McCollins */;
			targetProxy = 6D45F245224DBE4A004DF1D8 /* PBXContainerItemProxy */;
		};
/* End PBXTargetDependency section */

/* Begin PBXVariantGroup section */
		6D45F22C224DBE2E004DF1D8 /* Main.storyboard */ = {
			isa = PBXVariantGroup;
			children = (
				6D45F22D224DBE2E004DF1D8 /* Base */,
			);
			name = Main.storyboard;
			sourceTree = "<group>";
		};
		6D45F231224DBE48004DF1D8 /* LaunchScreen.storyboard */ = {
			isa = PBXVariantGroup;
			children = (
				6D45F232224DBE48004DF1D8 /* Base */,
			);
			name = LaunchScreen.storyboard;
			sourceTree = "<group>";
		};
/* End PBXVariantGroup section */

/* Begin XCBuildConfiguration section */
		6D45F24B224DBE4A004DF1D8 /* Debug */ = {
			isa = XCBuildConfiguration;
			buildSettings = {
				ALWAYS_SEARCH_USER_PATHS = NO;
				CLANG_ANALYZER_NONNULL = YES;
				CLANG_ANALYZER_NUMBER_OBJECT_CONVERSION = YES_AGGRESSIVE;
				CLANG_CXX_LANGUAGE_STANDARD = "gnu++14";
				CLANG_CXX_LIBRARY = "libc++";
				CLANG_ENABLE_MODULES = YES;
				CLANG_ENABLE_OBJC_ARC = YES;
				CLANG_ENABLE_OBJC_WEAK = YES;
				CLANG_WARN_BLOCK_CAPTURE_AUTORELEASING = YES;
				CLANG_WARN_BOOL_CONVERSION = YES;
				CLANG_WARN_COMMA = YES;
				CLANG_WARN_CONSTANT_CONVERSION = YES;
				CLANG_WARN_DEPRECATED_OBJC_IMPLEMENTATIONS = YES;
				CLANG_WARN_DIRECT_OBJC_ISA_USAGE = YES_ERROR;
				CLANG_WARN_DOCUMENTATION_COMMENTS = YES;
				CLANG_WARN_EMPTY_BODY = YES;
				CLANG_WARN_ENUM_CONVERSION = YES;
				CLANG_WARN_INFINITE_RECURSION = YES;
				CLANG_WARN_INT_CONVERSION = YES;
				CLANG_WARN_NON_LITERAL_NULL_CONVERSION = YES;
				CLANG_WARN_OBJC_IMPLICIT_RETAIN_SELF = YES;
				CLANG_WARN_OBJC_LITERAL_CONVERSION = YES;
				CLANG_WARN_OBJC_ROOT_CLASS = YES_ERROR;
				CLANG_WARN_RANGE_LOOP_ANALYSIS = YES;
				CLANG_WARN_STRICT_PROTOTYPES = YES;
				CLANG_WARN_SUSPICIOUS_MOVE = YES;
				CLANG_WARN_UNGUARDED_AVAILABILITY = YES_AGGRESSIVE;
				CLANG_WARN_UNREACHABLE_CODE = YES;
				CLANG_WARN__DUPLICATE_METHOD_MATCH = YES;
				CODE_SIGN_IDENTITY = "iPhone Developer";
				COPY_PHASE_STRIP = NO;
				DEBUG_INFORMATION_FORMAT = dwarf;
				ENABLE_STRICT_OBJC_MSGSEND = YES;
				ENABLE_TESTABILITY = YES;
				GCC_C_LANGUAGE_STANDARD = gnu11;
				GCC_DYNAMIC_NO_PIC = NO;
				GCC_NO_COMMON_BLOCKS = YES;
				GCC_OPTIMIZATION_LEVEL = 0;
				GCC_PREPROCESSOR_DEFINITIONS = (
					"DEBUG=1",
					"$(inherited)",
				);
				GCC_WARN_64_TO_32_BIT_CONVERSION = YES;
				GCC_WARN_ABOUT_RETURN_TYPE = YES_ERROR;
				GCC_WARN_UNDECLARED_SELECTOR = YES;
				GCC_WARN_UNINITIALIZED_AUTOS = YES_AGGRESSIVE;
				GCC_WARN_UNUSED_FUNCTION = YES;
				GCC_WARN_UNUSED_VARIABLE = YES;
				IPHONEOS_DEPLOYMENT_TARGET = 12.1;
				MTL_ENABLE_DEBUG_INFO = INCLUDE_SOURCE;
				MTL_FAST_MATH = YES;
				ONLY_ACTIVE_ARCH = YES;
				SDKROOT = iphoneos;
				SWIFT_ACTIVE_COMPILATION_CONDITIONS = DEBUG;
				SWIFT_OPTIMIZATION_LEVEL = "-Onone";
			};
			name = Debug;
		};
		6D45F24C224DBE4A004DF1D8 /* Release */ = {
			isa = XCBuildConfiguration;
			buildSettings = {
				ALWAYS_SEARCH_USER_PATHS = NO;
				CLANG_ANALYZER_NONNULL = YES;
				CLANG_ANALYZER_NUMBER_OBJECT_CONVERSION = YES_AGGRESSIVE;
				CLANG_CXX_LANGUAGE_STANDARD = "gnu++14";
				CLANG_CXX_LIBRARY = "libc++";
				CLANG_ENABLE_MODULES = YES;
				CLANG_ENABLE_OBJC_ARC = YES;
				CLANG_ENABLE_OBJC_WEAK = YES;
				CLANG_WARN_BLOCK_CAPTURE_AUTORELEASING = YES;
				CLANG_WARN_BOOL_CONVERSION = YES;
				CLANG_WARN_COMMA = YES;
				CLANG_WARN_CONSTANT_CONVERSION = YES;
				CLANG_WARN_DEPRECATED_OBJC_IMPLEMENTATIONS = YES;
				CLANG_WARN_DIRECT_OBJC_ISA_USAGE = YES_ERROR;
				CLANG_WARN_DOCUMENTATION_COMMENTS = YES;
				CLANG_WARN_EMPTY_BODY = YES;
				CLANG_WARN_ENUM_CONVERSION = YES;
				CLANG_WARN_INFINITE_RECURSION = YES;
				CLANG_WARN_INT_CONVERSION = YES;
				CLANG_WARN_NON_LITERAL_NULL_CONVERSION = YES;
				CLANG_WARN_OBJC_IMPLICIT_RETAIN_SELF = YES;
				CLANG_WARN_OBJC_LITERAL_CONVERSION = YES;
				CLANG_WARN_OBJC_ROOT_CLASS = YES_ERROR;
				CLANG_WARN_RANGE_LOOP_ANALYSIS = YES;
				CLANG_WARN_STRICT_PROTOTYPES = YES;
				CLANG_WARN_SUSPICIOUS_MOVE = YES;
				CLANG_WARN_UNGUARDED_AVAILABILITY = YES_AGGRESSIVE;
				CLANG_WARN_UNREACHABLE_CODE = YES;
				CLANG_WARN__DUPLICATE_METHOD_MATCH = YES;
				CODE_SIGN_IDENTITY = "iPhone Developer";
				COPY_PHASE_STRIP = NO;
				DEBUG_INFORMATION_FORMAT = "dwarf-with-dsym";
				ENABLE_NS_ASSERTIONS = NO;
				ENABLE_STRICT_OBJC_MSGSEND = YES;
				GCC_C_LANGUAGE_STANDARD = gnu11;
				GCC_NO_COMMON_BLOCKS = YES;
				GCC_WARN_64_TO_32_BIT_CONVERSION = YES;
				GCC_WARN_ABOUT_RETURN_TYPE = YES_ERROR;
				GCC_WARN_UNDECLARED_SELECTOR = YES;
				GCC_WARN_UNINITIALIZED_AUTOS = YES_AGGRESSIVE;
				GCC_WARN_UNUSED_FUNCTION = YES;
				GCC_WARN_UNUSED_VARIABLE = YES;
				IPHONEOS_DEPLOYMENT_TARGET = 12.1;
				MTL_ENABLE_DEBUG_INFO = NO;
				MTL_FAST_MATH = YES;
				SDKROOT = iphoneos;
				SWIFT_COMPILATION_MODE = wholemodule;
				SWIFT_OPTIMIZATION_LEVEL = "-O";
				VALIDATE_PRODUCT = YES;
			};
			name = Release;
		};
		6D45F24E224DBE4A004DF1D8 /* Debug */ = {
			isa = XCBuildConfiguration;
			baseConfigurationReference = 9AA34939C394651A8D2E17A3 /* Pods-McCollins.debug.xcconfig */;
			buildSettings = {
				ASSETCATALOG_COMPILER_APPICON_NAME = AppIcon;
				CODE_SIGN_STYLE = Automatic;
				INFOPLIST_FILE = McCollins/Info.plist;
				LD_RUNPATH_SEARCH_PATHS = (
					"$(inherited)",
					"@executable_path/Frameworks",
				);
				PRODUCT_BUNDLE_IDENTIFIER = RJT.McCollins;
				PRODUCT_NAME = "$(TARGET_NAME)";
				SWIFT_VERSION = 4.2;
				TARGETED_DEVICE_FAMILY = "1,2";
			};
			name = Debug;
		};
		6D45F24F224DBE4A004DF1D8 /* Release */ = {
			isa = XCBuildConfiguration;
			baseConfigurationReference = FE77D8C75062CAC7FD18B53E /* Pods-McCollins.release.xcconfig */;
			buildSettings = {
				ASSETCATALOG_COMPILER_APPICON_NAME = AppIcon;
				CODE_SIGN_STYLE = Automatic;
				INFOPLIST_FILE = McCollins/Info.plist;
				LD_RUNPATH_SEARCH_PATHS = (
					"$(inherited)",
					"@executable_path/Frameworks",
				);
				PRODUCT_BUNDLE_IDENTIFIER = RJT.McCollins;
				PRODUCT_NAME = "$(TARGET_NAME)";
				SWIFT_VERSION = 4.2;
				TARGETED_DEVICE_FAMILY = "1,2";
			};
			name = Release;
		};
		6D45F251224DBE4A004DF1D8 /* Debug */ = {
			isa = XCBuildConfiguration;
			baseConfigurationReference = AF37F006A6B6E3131A7B49E2 /* Pods-McCollinsTests.debug.xcconfig */;
			buildSettings = {
				ALWAYS_EMBED_SWIFT_STANDARD_LIBRARIES = YES;
				BUNDLE_LOADER = "$(TEST_HOST)";
				CODE_SIGN_STYLE = Automatic;
				INFOPLIST_FILE = McCollinsTests/Info.plist;
				LD_RUNPATH_SEARCH_PATHS = (
					"$(inherited)",
					"@executable_path/Frameworks",
					"@loader_path/Frameworks",
				);
				PRODUCT_BUNDLE_IDENTIFIER = RJT.McCollinsTests;
				PRODUCT_NAME = "$(TARGET_NAME)";
				SWIFT_VERSION = 4.2;
				TARGETED_DEVICE_FAMILY = "1,2";
				TEST_HOST = "$(BUILT_PRODUCTS_DIR)/McCollins.app/McCollins";
			};
			name = Debug;
		};
		6D45F252224DBE4A004DF1D8 /* Release */ = {
			isa = XCBuildConfiguration;
			baseConfigurationReference = C51741E34429AB033FF9357D /* Pods-McCollinsTests.release.xcconfig */;
			buildSettings = {
				ALWAYS_EMBED_SWIFT_STANDARD_LIBRARIES = YES;
				BUNDLE_LOADER = "$(TEST_HOST)";
				CODE_SIGN_STYLE = Automatic;
				INFOPLIST_FILE = McCollinsTests/Info.plist;
				LD_RUNPATH_SEARCH_PATHS = (
					"$(inherited)",
					"@executable_path/Frameworks",
					"@loader_path/Frameworks",
				);
				PRODUCT_BUNDLE_IDENTIFIER = RJT.McCollinsTests;
				PRODUCT_NAME = "$(TARGET_NAME)";
				SWIFT_VERSION = 4.2;
				TARGETED_DEVICE_FAMILY = "1,2";
				TEST_HOST = "$(BUILT_PRODUCTS_DIR)/McCollins.app/McCollins";
			};
			name = Release;
		};
		6D45F254224DBE4A004DF1D8 /* Debug */ = {
			isa = XCBuildConfiguration;
			baseConfigurationReference = 4D123823C6A54E7785BB7E83 /* Pods-McCollinsUITests.debug.xcconfig */;
			buildSettings = {
				ALWAYS_EMBED_SWIFT_STANDARD_LIBRARIES = YES;
				CODE_SIGN_STYLE = Automatic;
				INFOPLIST_FILE = McCollinsUITests/Info.plist;
				LD_RUNPATH_SEARCH_PATHS = (
					"$(inherited)",
					"@executable_path/Frameworks",
					"@loader_path/Frameworks",
				);
				PRODUCT_BUNDLE_IDENTIFIER = RJT.McCollinsUITests;
				PRODUCT_NAME = "$(TARGET_NAME)";
				SWIFT_VERSION = 4.2;
				TARGETED_DEVICE_FAMILY = "1,2";
				TEST_TARGET_NAME = McCollins;
			};
			name = Debug;
		};
		6D45F255224DBE4A004DF1D8 /* Release */ = {
			isa = XCBuildConfiguration;
			baseConfigurationReference = 1605FA8BF43A71BAFBA00F22 /* Pods-McCollinsUITests.release.xcconfig */;
			buildSettings = {
				ALWAYS_EMBED_SWIFT_STANDARD_LIBRARIES = YES;
				CODE_SIGN_STYLE = Automatic;
				INFOPLIST_FILE = McCollinsUITests/Info.plist;
				LD_RUNPATH_SEARCH_PATHS = (
					"$(inherited)",
					"@executable_path/Frameworks",
					"@loader_path/Frameworks",
				);
				PRODUCT_BUNDLE_IDENTIFIER = RJT.McCollinsUITests;
				PRODUCT_NAME = "$(TARGET_NAME)";
				SWIFT_VERSION = 4.2;
				TARGETED_DEVICE_FAMILY = "1,2";
				TEST_TARGET_NAME = McCollins;
			};
			name = Release;
		};
/* End XCBuildConfiguration section */

/* Begin XCConfigurationList section */
		6D45F220224DBE2D004DF1D8 /* Build configuration list for PBXProject "McCollins" */ = {
			isa = XCConfigurationList;
			buildConfigurations = (
				6D45F24B224DBE4A004DF1D8 /* Debug */,
				6D45F24C224DBE4A004DF1D8 /* Release */,
			);
			defaultConfigurationIsVisible = 0;
			defaultConfigurationName = Release;
		};
		6D45F24D224DBE4A004DF1D8 /* Build configuration list for PBXNativeTarget "McCollins" */ = {
			isa = XCConfigurationList;
			buildConfigurations = (
				6D45F24E224DBE4A004DF1D8 /* Debug */,
				6D45F24F224DBE4A004DF1D8 /* Release */,
			);
			defaultConfigurationIsVisible = 0;
			defaultConfigurationName = Release;
		};
		6D45F250224DBE4A004DF1D8 /* Build configuration list for PBXNativeTarget "McCollinsTests" */ = {
			isa = XCConfigurationList;
			buildConfigurations = (
				6D45F251224DBE4A004DF1D8 /* Debug */,
				6D45F252224DBE4A004DF1D8 /* Release */,
			);
			defaultConfigurationIsVisible = 0;
			defaultConfigurationName = Release;
		};
		6D45F253224DBE4A004DF1D8 /* Build configuration list for PBXNativeTarget "McCollinsUITests" */ = {
			isa = XCConfigurationList;
			buildConfigurations = (
				6D45F254224DBE4A004DF1D8 /* Debug */,
				6D45F255224DBE4A004DF1D8 /* Release */,
			);
			defaultConfigurationIsVisible = 0;
			defaultConfigurationName = Release;
		};
/* End XCConfigurationList section */
	};
	rootObject = 6D45F21D224DBE2D004DF1D8 /* Project object */;
}
